
Microsoft Visual Studio Solution File, Format Version 12.00
# Visual Studio Version 16
VisualStudioVersion = 16.0.30804.86
MinimumVisualStudioVersion = 10.0.40219.1
Project("{8BC9CEB8-8B4A-11D0-8D11-00A0C91BC942}") = "Task1", "Task1\Task1.vcxproj", "{4FD7D5A2-49D3-4465-97F9-6996D59DD681}"
EndProject
Project("{8BC9CEB8-8B4A-11D0-8D11-00A0C91BC942}") = "Task2", "Task2\Task2.vcxproj", "{CF154043-51B2-4653-A842-5B77BAF879D2}"
EndProject
Project("{8BC9CEB8-8B4A-11D0-8D11-00A0C91BC942}") = "Task3", "Task3\Task3.vcxproj", "{32505351-97DC-4958-8B46-E6C0C1E7914E}"
EndProject
Project("{8BC9CEB8-8B4A-11D0-8D11-00A0C91BC942}") = "Task4", "Task4\Task4.vcxproj", "{53082234-9F16-4690-92E4-B6609930E2E1}"
EndProject
Global
	GlobalSection(SolutionConfigurationPlatforms) = preSolution
		Debug|x64 = Debug|x64
		Debug|x86 = Debug|x86
		Release|x64 = Release|x64
		Release|x86 = Release|x86
	EndGlobalSection
	GlobalSection(ProjectConfigurationPlatforms) = postSolution
		{4FD7D5A2-49D3-4465-97F9-6996D59DD681}.Debug|x64.ActiveCfg = Debug|x64
		{4FD7D5A2-49D3-4465-97F9-6996D59DD681}.Debug|x64.Build.0 = Debug|x64
		{4FD7D5A2-49D3-4465-97F9-6996D59DD681}.Debug|x86.ActiveCfg = Debug|Win32
		{4FD7D5A2-49D3-4465-97F9-6996D59DD681}.Debug|x86.Build.0 = Debug|Win32
		{4FD7D5A2-49D3-4465-97F9-6996D59DD681}.Release|x64.ActiveCfg = Release|x64
		{4FD7D5A2-49D3-4465-97F9-6996D59DD681}.Release|x64.Build.0 = Release|x64
		{4FD7D5A2-49D3-4465-97F9-6996D59DD681}.Release|x86.ActiveCfg = Release|Win32
		{4FD7D5A2-49D3-4465-97F9-6996D59DD681}.Release|x86.Build.0 = Release|Win32
		{CF154043-51B2-4653-A842-5B77BAF879D2}.Debug|x64.ActiveCfg = Debug|x64
		{CF154043-51B2-4653-A842-5B77BAF879D2}.Debug|x64.Build.0 = Debug|x64
		{CF154043-51B2-4653-A842-5B77BAF879D2}.Debug|x86.ActiveCfg = Debug|Win32
		{CF154043-51B2-4653-A842-5B77BAF879D2}.Debug|x86.Build.0 = Debug|Win32
		{CF154043-51B2-4653-A842-5B77BAF879D2}.Release|x64.ActiveCfg = Release|x64
		{CF154043-51B2-4653-A842-5B77BAF879D2}.Release|x64.Build.0 = Release|x64
		{CF154043-51B2-4653-A842-5B77BAF879D2}.Release|x86.ActiveCfg = Release|Win32
		{CF154043-51B2-4653-A842-5B77BAF879D2}.Release|x86.Build.0 = Release|Win32
		{32505351-97DC-4958-8B46-E6C0C1E7914E}.Debug|x64.ActiveCfg = Debug|x64
		{32505351-97DC-4958-8B46-E6C0C1E7914E}.Debug|x64.Build.0 = Debug|x64
		{32505351-97DC-4958-8B46-E6C0C1E7914E}.Debug|x86.ActiveCfg = Debug|Win32
		{32505351-97DC-4958-8B46-E6C0C1E7914E}.Debug|x86.Build.0 = Debug|Win32
		{32505351-97DC-4958-8B46-E6C0C1E7914E}.Release|x64.ActiveCfg = Release|x64
		{32505351-97DC-4958-8B46-E6C0C1E7914E}.Release|x64.Build.0 = Release|x64
		{32505351-97DC-4958-8B46-E6C0C1E7914E}.Release|x86.ActiveCfg = Release|Win32
		{32505351-97DC-4958-8B46-E6C0C1E7914E}.Release|x86.Build.0 = Release|Win32
		{53082234-9F16-4690-92E4-B6609930E2E1}.Debug|x64.ActiveCfg = Debug|x64
		{53082234-9F16-4690-92E4-B6609930E2E1}.Debug|x64.Build.0 = Debug|x64
		{53082234-9F16-4690-92E4-B6609930E2E1}.Debug|x86.ActiveCfg = Debug|Win32
		{53082234-9F16-4690-92E4-B6609930E2E1}.Debug|x86.Build.0 = Debug|Win32
		{53082234-9F16-4690-92E4-B6609930E2E1}.Release|x64.ActiveCfg = Release|x64
		{53082234-9F16-4690-92E4-B6609930E2E1}.Release|x64.Build.0 = Release|x64
		{53082234-9F16-4690-92E4-B6609930E2E1}.Release|x86.ActiveCfg = Release|Win32
		{53082234-9F16-4690-92E4-B6609930E2E1}.Release|x86.Build.0 = Release|Win32
	EndGlobalSection
	GlobalSection(SolutionProperties) = preSolution
		HideSolutionNode = FALSE
	EndGlobalSection
	GlobalSection(ExtensibilityGlobals) = postSolution
		SolutionGuid = {ADE7AD1C-35FF-433B-B9DE-0E3783CBFC12}
	EndGlobalSection
EndGlobal
