
Microsoft Visual Studio Solution File, Format Version 12.00
# Visual Studio Version 16
VisualStudioVersion = 16.0.30804.86
MinimumVisualStudioVersion = 10.0.40219.1
Project("{8BC9CEB8-8B4A-11D0-8D11-00A0C91BC942}") = "Task2", "Class10\Class10.vcxproj", "{50411DE4-74A9-46BA-80CD-B6E6D9022A76}"
EndProject
Project("{8BC9CEB8-8B4A-11D0-8D11-00A0C91BC942}") = "Task3", "Task3\Task3.vcxproj", "{D6ADA3F7-922A-439C-92CF-C9FADE5E1E95}"
EndProject
Project("{8BC9CEB8-8B4A-11D0-8D11-00A0C91BC942}") = "Task4", "Task4\Task4.vcxproj", "{065899DA-D9E9-4C87-9D2F-C8298B7ACF21}"
EndProject
Global
	GlobalSection(SolutionConfigurationPlatforms) = preSolution
		Debug|x64 = Debug|x64
		Debug|x86 = Debug|x86
		Release|x64 = Release|x64
		Release|x86 = Release|x86
	EndGlobalSection
	GlobalSection(ProjectConfigurationPlatforms) = postSolution
		{50411DE4-74A9-46BA-80CD-B6E6D9022A76}.Debug|x64.ActiveCfg = Debug|x64
		{50411DE4-74A9-46BA-80CD-B6E6D9022A76}.Debug|x64.Build.0 = Debug|x64
		{50411DE4-74A9-46BA-80CD-B6E6D9022A76}.Debug|x86.ActiveCfg = Debug|Win32
		{50411DE4-74A9-46BA-80CD-B6E6D9022A76}.Debug|x86.Build.0 = Debug|Win32
		{50411DE4-74A9-46BA-80CD-B6E6D9022A76}.Release|x64.ActiveCfg = Release|x64
		{50411DE4-74A9-46BA-80CD-B6E6D9022A76}.Release|x64.Build.0 = Release|x64
		{50411DE4-74A9-46BA-80CD-B6E6D9022A76}.Release|x86.ActiveCfg = Release|Win32
		{50411DE4-74A9-46BA-80CD-B6E6D9022A76}.Release|x86.Build.0 = Release|Win32
		{D6ADA3F7-922A-439C-92CF-C9FADE5E1E95}.Debug|x64.ActiveCfg = Debug|x64
		{D6ADA3F7-922A-439C-92CF-C9FADE5E1E95}.Debug|x64.Build.0 = Debug|x64
		{D6ADA3F7-922A-439C-92CF-C9FADE5E1E95}.Debug|x86.ActiveCfg = Debug|Win32
		{D6ADA3F7-922A-439C-92CF-C9FADE5E1E95}.Debug|x86.Build.0 = Debug|Win32
		{D6ADA3F7-922A-439C-92CF-C9FADE5E1E95}.Release|x64.ActiveCfg = Release|x64
		{D6ADA3F7-922A-439C-92CF-C9FADE5E1E95}.Release|x64.Build.0 = Release|x64
		{D6ADA3F7-922A-439C-92CF-C9FADE5E1E95}.Release|x86.ActiveCfg = Release|Win32
		{D6ADA3F7-922A-439C-92CF-C9FADE5E1E95}.Release|x86.Build.0 = Release|Win32
		{065899DA-D9E9-4C87-9D2F-C8298B7ACF21}.Debug|x64.ActiveCfg = Debug|x64
		{065899DA-D9E9-4C87-9D2F-C8298B7ACF21}.Debug|x64.Build.0 = Debug|x64
		{065899DA-D9E9-4C87-9D2F-C8298B7ACF21}.Debug|x86.ActiveCfg = Debug|Win32
		{065899DA-D9E9-4C87-9D2F-C8298B7ACF21}.Debug|x86.Build.0 = Debug|Win32
		{065899DA-D9E9-4C87-9D2F-C8298B7ACF21}.Release|x64.ActiveCfg = Release|x64
		{065899DA-D9E9-4C87-9D2F-C8298B7ACF21}.Release|x64.Build.0 = Release|x64
		{065899DA-D9E9-4C87-9D2F-C8298B7ACF21}.Release|x86.ActiveCfg = Release|Win32
		{065899DA-D9E9-4C87-9D2F-C8298B7ACF21}.Release|x86.Build.0 = Release|Win32
	EndGlobalSection
	GlobalSection(SolutionProperties) = preSolution
		HideSolutionNode = FALSE
	EndGlobalSection
	GlobalSection(ExtensibilityGlobals) = postSolution
		SolutionGuid = {30921E9F-8334-442B-99A9-076FF50DEB20}
	EndGlobalSection
EndGlobal
